// !$*UTF8*$!
{
	archiveVersion = 1;
	classes = {
	};
	objectVersion = 77;
	objects = {

/* Begin PBXBuildFile section */
		D0A0E9E52F7C713300343361 /* GoogleService-Info.plist in Resources */ = {isa = PBXBuildFile; fileRef = D0A0E9E42F7C713300343361 /* GoogleService-Info.plist */; };
		D0A0E9F52F7C77FA00343361 /* FirebaseAnalytics in Frameworks */ = {isa = PBXBuildFile; productRef = D0A0E9F42F7C77FA00343361 /* FirebaseAnalytics */; };
		D0A0E9F72F7C77FA00343361 /* FirebaseAuth in Frameworks */ = {isa = PBXBuildFile; productRef = D0A0E9F62F7C77FA00343361 /* FirebaseAuth */; };
		D0A0E9F92F7C77FA00343361 /* FirebaseCore in Frameworks */ = {isa = PBXBuildFile; productRef = D0A0E9F82F7C77FA00343361 /* FirebaseCore */; };
		D0A0E9FB2F7C77FA00343361 /* FirebaseDatabase in Frameworks */ = {isa = PBXBuildFile; productRef = D0A0E9FA2F7C77FA00343361 /* FirebaseDatabase */; };
		D0A0E9FD2F7C77FA00343361 /* FirebaseFirestore in Frameworks */ = {isa = PBXBuildFile; productRef = D0A0E9FC2F7C77FA00343361 /* FirebaseFirestore */; };
/* End PBXBuildFile section */

/* Begin PBXContainerItemProxy section */
		D07D72552F7B0DB00098D4A2 /* PBXContainerItemProxy */ = {
			isa = PBXContainerItemProxy;
			containerPortal = D07D723F2F7B0DAD0098D4A2 /* Project object */;
			proxyType = 1;
			remoteGlobalIDString = D07D72462F7B0DAD0098D4A2;
			remoteInfo = Meowtropolis;
		};
		D07D725F2F7B0DB00098D4A2 /* PBXContainerItemProxy */ = {
			isa = PBXContainerItemProxy;
			containerPortal = D07D723F2F7B0DAD0098D4A2 /* Project object */;
			proxyType = 1;
			remoteGlobalIDString = D07D72462F7B0DAD0098D4A2;
			remoteInfo = Meowtropolis;
		};
/* End PBXContainerItemProxy section */

/* Begin PBXFileReference section */
		D07D72472F7B0DAD0098D4A2 /* Meowtropolis.app */ = {isa = PBXFileReference; explicitFileType = wrapper.application; includeInIndex = 0; path = Meowtropolis.app; sourceTree = BUILT_PRODUCTS_DIR; };
		D07D72542F7B0DB00098D4A2 /* MeowtropolisTests.xctest */ = {isa = PBXFileReference; explicitFileType = wrapper.cfbundle; includeInIndex = 0; path = MeowtropolisTests.xctest; sourceTree = BUILT_PRODUCTS_DIR; };
		D07D725E2F7B0DB00098D4A2 /* MeowtropolisUITests.xctest */ = {isa = PBXFileReference; explicitFileType = wrapper.cfbundle; includeInIndex = 0; path = MeowtropolisUITests.xctest; sourceTree = BUILT_PRODUCTS_DIR; };
		D0A0E9E42F7C713300343361 /* GoogleService-Info.plist */ = {isa = PBXFileReference; lastKnownFileType = text.plist.xml; path = "GoogleService-Info.plist"; sourceTree = "<group>"; };
/* End PBXFileReference section */

/* Begin PBXFileSystemSynchronizedRootGroup section */
		D07D72492F7B0DAD0098D4A2 /* Meowtropolis */ = {
			isa = PBXFileSystemSynchronizedRootGroup;
			path = Meowtropolis;
			sourceTree = "<group>";
		};
		D07D72572F7B0DB00098D4A2 /* MeowtropolisTests */ = {
			isa = PBXFileSystemSynchronizedRootGroup;
			path = MeowtropolisTests;
			sourceTree = "<group>";
		};
		D07D72612F7B0DB00098D4A2 /* MeowtropolisUITests */ = {
			isa = PBXFileSystemSynchronizedRootGroup;
			path = MeowtropolisUITests;
			sourceTree = "<group>";
		};
/* End PBXFileSystemSynchronizedRootGroup section */

/* Begin PBXFrameworksBuildPhase section */
		D07D72442F7B0DAD0098D4A2 /* Frameworks */ = {
			isa = PBXFrameworksBuildPhase;
			buildActionMask = 2147483647;
			files = (
				D0A0E9F52F7C77FA00343361 /* FirebaseAnalytics in Frameworks */,
				D0A0E9F92F7C77FA00343361 /* FirebaseCore in Frameworks */,
				D0A0E9FB2F7C77FA00343361 /* FirebaseDatabase in Frameworks */,
				D0A0E9FD2F7C77FA00343361 /* FirebaseFirestore in Frameworks */,
				D0A0E9F72F7C77FA00343361 /* FirebaseAuth in Frameworks */,
			);
			runOnlyForDeploymentPostprocessing = 0;
		};
		D07D72512F7B0DB00098D4A2 /* Frameworks */ = {
			isa = PBXFrameworksBuildPhase;
			buildActionMask = 2147483647;
			files = (
			);
			runOnlyForDeploymentPostprocessing = 0;
		};
		D07D725B2F7B0DB00098D4A2 /* Frameworks */ = {
			isa = PBXFrameworksBuildPhase;
			buildActionMask = 2147483647;
			files = (
			);
			runOnlyForDeploymentPostprocessing = 0;
		};
/* End PBXFrameworksBuildPhase section */

/* Begin PBXGroup section */
		D07D723E2F7B0DAD0098D4A2 = {
			isa = PBXGroup;
			children = (
				D0A0E9E42F7C713300343361 /* GoogleService-Info.plist */,
				D07D72492F7B0DAD0098D4A2 /* Meowtropolis */,
				D07D72572F7B0DB00098D4A2 /* MeowtropolisTests */,
				D07D72612F7B0DB00098D4A2 /* MeowtropolisUITests */,
				D07D72482F7B0DAD0098D4A2 /* Products */,
			);
			sourceTree = "<group>";
		};
		D07D72482F7B0DAD0098D4A2 /* Products */ = {
			isa = PBXGroup;
			children = (
				D07D72472F7B0DAD0098D4A2 /* Meowtropolis.app */,
				D07D72542F7B0DB00098D4A2 /* MeowtropolisTests.xctest */,
				D07D725E2F7B0DB00098D4A2 /* MeowtropolisUITests.xctest */,
			);
			name = Products;
			sourceTree = "<group>";
		};
/* End PBXGroup section */

/* Begin PBXNativeTarget section */
		D07D72462F7B0DAD0098D4A2 /* Meowtropolis */ = {
			isa = PBXNativeTarget;
			buildConfigurationList = D07D72682F7B0DB00098D4A2 /* Build configuration list for PBXNativeTarget "Meowtropolis" */;
			buildPhases = (
				D07D72432F7B0DAD0098D4A2 /* Sources */,
				D07D72442F7B0DAD0098D4A2 /* Frameworks */,
				D07D72452F7B0DAD0098D4A2 /* Resources */,
			);
			buildRules = (
			);
			dependencies = (
			);
			fileSystemSynchronizedGroups = (
				D07D72492F7B0DAD0098D4A2 /* Meowtropolis */,
			);
			name = Meowtropolis;
			packageProductDependencies = (
				D0A0E9F42F7C77FA00343361 /* FirebaseAnalytics */,
				D0A0E9F62F7C77FA00343361 /* FirebaseAuth */,
				D0A0E9F82F7C77FA00343361 /* FirebaseCore */,
				D0A0E9FA2F7C77FA00343361 /* FirebaseDatabase */,
				D0A0E9FC2F7C77FA00343361 /* FirebaseFirestore */,
			);
			productName = Meowtropolis;
			productReference = D07D72472F7B0DAD0098D4A2 /* Meowtropolis.app */;
			productType = "com.apple.product-type.application";
		};
		D07D72532F7B0DB00098D4A2 /* MeowtropolisTests */ = {
			isa = PBXNativeTarget;
			buildConfigurationList = D07D726B2F7B0DB00098D4A2 /* Build configuration list for PBXNativeTarget "MeowtropolisTests" */;
			buildPhases = (
				D07D72502F7B0DB00098D4A2 /* Sources */,
				D07D72512F7B0DB00098D4A2 /* Frameworks */,
				D07D72522F7B0DB00098D4A2 /* Resources */,
			);
			buildRules = (
			);
			dependencies = (
				D07D72562F7B0DB00098D4A2 /* PBXTargetDependency */,
			);
			fileSystemSynchronizedGroups = (
				D07D72572F7B0DB00098D4A2 /* MeowtropolisTests */,
			);
			name = MeowtropolisTests;
			packageProductDependencies = (
			);
			productName = MeowtropolisTests;
			productReference = D07D72542F7B0DB00098D4A2 /* MeowtropolisTests.xctest */;
			productType = "com.apple.product-type.bundle.unit-test";
		};
		D07D725D2F7B0DB00098D4A2 /* MeowtropolisUITests */ = {
			isa = PBXNativeTarget;
			buildConfigurationList = D07D726E2F7B0DB00098D4A2 /* Build configuration list for PBXNativeTarget "MeowtropolisUITests" */;
			buildPhases = (
				D07D725A2F7B0DB00098D4A2 /* Sources */,
				D07D725B2F7B0DB00098D4A2 /* Frameworks */,
				D07D725C2F7B0DB00098D4A2 /* Resources */,
			);
			buildRules = (
			);
			dependencies = (
				D07D72602F7B0DB00098D4A2 /* PBXTargetDependency */,
			);
			fileSystemSynchronizedGroups = (
				D07D72612F7B0DB00098D4A2 /* MeowtropolisUITests */,
			);
			name = MeowtropolisUITests;
			packageProductDependencies = (
			);
			productName = MeowtropolisUITests;
			productReference = D07D725E2F7B0DB00098D4A2 /* MeowtropolisUITests.xctest */;
			productType = "com.apple.product-type.bundle.ui-testing";
		};
/* End PBXNativeTarget section */

/* Begin PBXProject section */
		D07D723F2F7B0DAD0098D4A2 /* Project object */ = {
			isa = PBXProject;
			attributes = {
				BuildIndependentTargetsInParallel = 1;
				LastSwiftUpdateCheck = 2640;
				LastUpgradeCheck = 2640;
				TargetAttributes = {
					D07D72462F7B0DAD0098D4A2 = {
						CreatedOnToolsVersion = 26.4;
					};
					D07D72532F7B0DB00098D4A2 = {
						CreatedOnToolsVersion = 26.4;
						TestTargetID = D07D72462F7B0DAD0098D4A2;
					};
					D07D725D2F7B0DB00098D4A2 = {
						CreatedOnToolsVersion = 26.4;
						TestTargetID = D07D72462F7B0DAD0098D4A2;
					};
				};
			};
			buildConfigurationList = D07D72422F7B0DAD0098D4A2 /* Build configuration list for PBXProject "Meowtropolis" */;
			developmentRegion = en;
			hasScannedForEncodings = 0;
			knownRegions = (
				en,
				Base,
			);
			mainGroup = D07D723E2F7B0DAD0098D4A2;
			minimizedProjectReferenceProxies = 1;
			packageReferences = (
				D0A0E9F32F7C77FA00343361 /* XCRemoteSwiftPackageReference "firebase-ios-sdk" */,
			);
			preferredProjectObjectVersion = 77;
			productRefGroup = D07D72482F7B0DAD0098D4A2 /* Products */;
			projectDirPath = "";
			projectRoot = "";
			targets = (
				D07D72462F7B0DAD0098D4A2 /* Meowtropolis */,
				D07D72532F7B0DB00098D4A2 /* MeowtropolisTests */,
				D07D725D2F7B0DB00098D4A2 /* MeowtropolisUITests */,
			);
		};
/* End PBXProject section */

/* Begin PBXResourcesBuildPhase section */
		D07D72452F7B0DAD0098D4A2 /* Resources */ = {
			isa = PBXResourcesBuildPhase;
			buildActionMask = 2147483647;
			files = (
				D0A0E9E52F7C713300343361 /* GoogleService-Info.plist in Resources */,
			);
			runOnlyForDeploymentPostprocessing = 0;
		};
		D07D72522F7B0DB00098D4A2 /* Resources */ = {
			isa = PBXResourcesBuildPhase;
			buildActionMask = 2147483647;
			files = (
			);
			runOnlyForDeploymentPostprocessing = 0;
		};
		D07D725C2F7B0DB00098D4A2 /* Resources */ = {
			isa = PBXResourcesBuildPhase;
			buildActionMask = 2147483647;
			files = (
			);
			runOnlyForDeploymentPostprocessing = 0;
		};
/* End PBXResourcesBuildPhase section */

/* Begin PBXSourcesBuildPhase section */
		D07D72432F7B0DAD0098D4A2 /* Sources */ = {
			isa = PBXSourcesBuildPhase;
			buildActionMask = 2147483647;
			files = (
			);
			runOnlyForDeploymentPostprocessing = 0;
		};
		D07D72502F7B0DB00098D4A2 /* Sources */ = {
			isa = PBXSourcesBuildPhase;
			buildActionMask = 2147483647;
			files = (
			);
			runOnlyForDeploymentPostprocessing = 0;
		};
		D07D725A2F7B0DB00098D4A2 /* Sources */ = {
			isa = PBXSourcesBuildPhase;
			buildActionMask = 2147483647;
			files = (
			);
			runOnlyForDeploymentPostprocessing = 0;
		};
/* End PBXSourcesBuildPhase section */

/* Begin PBXTargetDependency section */
		D07D72562F7B0DB00098D4A2 /* PBXTargetDependency */ = {
			isa = PBXTargetDependency;
			target = D07D72462F7B0DAD0098D4A2 /* Meowtropolis */;
			targetProxy = D07D72552F7B0DB00098D4A2 /* PBXContainerItemProxy */;
		};
		D07D72602F7B0DB00098D4A2 /* PBXTargetDependency */ = {
			isa = PBXTargetDependency;
			target = D07D72462F7B0DAD0098D4A2 /* Meowtropolis */;
			targetProxy = D07D725F2F7B0DB00098D4A2 /* PBXContainerItemProxy */;
		};
/* End PBXTargetDependency section */

/* Begin XCBuildConfiguration section */
		D07D72662F7B0DB00098D4A2 /* Debug */ = {
			isa = XCBuildConfiguration;
			buildSettings = {
				ALWAYS_SEARCH_USER_PATHS = NO;
				ASSETCATALOG_COMPILER_GENERATE_SWIFT_ASSET_SYMBOL_EXTENSIONS = YES;
				CLANG_ANALYZER_NONNULL = YES;
				CLANG_ANALYZER_NUMBER_OBJECT_CONVERSION = YES_AGGRESSIVE;
				CLANG_CXX_LANGUAGE_STANDARD = "gnu++20";
				CLANG_ENABLE_MODULES = YES;
				CLANG_ENABLE_OBJC_ARC = YES;
				CLANG_ENABLE_OBJC_WEAK = YES;
				CLANG_WARN_BLOCK_CAPTURE_AUTORELEASING = YES;
				CLANG_WARN_BOOL_CONVERSION = YES;
				CLANG_WARN_COMMA = YES;
				CLANG_WARN_CONSTANT_CONVERSION = YES;
				CLANG_WARN_DEPRECATED_OBJC_IMPLEMENTATIONS = YES;
				CLANG_WARN_DIRECT_OBJC_ISA_USAGE = YES_ERROR;
				CLANG_WARN_DOCUMENTATION_COMMENTS = YES;
				CLANG_WARN_EMPTY_BODY = YES;
				CLANG_WARN_ENUM_CONVERSION = YES;
				CLANG_WARN_INFINITE_RECURSION = YES;
				CLANG_WARN_INT_CONVERSION = YES;
				CLANG_WARN_NON_LITERAL_NULL_CONVERSION = YES;
				CLANG_WARN_OBJC_IMPLICIT_RETAIN_SELF = YES;
				CLANG_WARN_OBJC_LITERAL_CONVERSION = YES;
				CLANG_WARN_OBJC_ROOT_CLASS = YES_ERROR;
				CLANG_WARN_QUOTED_INCLUDE_IN_FRAMEWORK_HEADER = YES;
				CLANG_WARN_RANGE_LOOP_ANALYSIS = YES;
				CLANG_WARN_STRICT_PROTOTYPES = YES;
				CLANG_WARN_SUSPICIOUS_MOVE = YES;
				CLANG_WARN_UNGUARDED_AVAILABILITY = YES_AGGRESSIVE;
				CLANG_WARN_UNREACHABLE_CODE = YES;
				CLANG_WARN__DUPLICATE_METHOD_MATCH = YES;
				COPY_PHASE_STRIP = NO;
				DEBUG_INFORMATION_FORMAT = dwarf;
				ENABLE_STRICT_OBJC_MSGSEND = YES;
				ENABLE_TESTABILITY = YES;
				ENABLE_USER_SCRIPT_SANDBOXING = YES;
				GCC_C_LANGUAGE_STANDARD = gnu17;
				GCC_DYNAMIC_NO_PIC = NO;
				GCC_NO_COMMON_BLOCKS = YES;
				GCC_OPTIMIZATION_LEVEL = 0;
				GCC_PREPROCESSOR_DEFINITIONS = (
					"DEBUG=1",
					"$(inherited)",
				);
				GCC_WARN_64_TO_32_BIT_CONVERSION = YES;
				GCC_WARN_ABOUT_RETURN_TYPE = YES_ERROR;
				GCC_WARN_UNDECLARED_SELECTOR = YES;
				GCC_WARN_UNINITIALIZED_AUTOS = YES_AGGRESSIVE;
				GCC_WARN_UNUSED_FUNCTION = YES;
				GCC_WARN_UNUSED_VARIABLE = YES;
				IPHONEOS_DEPLOYMENT_TARGET = 26.4;
				LOCALIZATION_PREFERS_STRING_CATALOGS = YES;
				MTL_ENABLE_DEBUG_INFO = INCLUDE_SOURCE;
				MTL_FAST_MATH = YES;
				ONLY_ACTIVE_ARCH = YES;
				SDKROOT = iphoneos;
				SWIFT_ACTIVE_COMPILATION_CONDITIONS = "DEBUG $(inherited)";
				SWIFT_OPTIMIZATION_LEVEL = "-Onone";
			};
			name = Debug;
		};
		D07D72672F7B0DB00098D4A2 /* Release */ = {
			isa = XCBuildConfiguration;
			buildSettings = {
				ALWAYS_SEARCH_USER_PATHS = NO;
				ASSETCATALOG_COMPILER_GENERATE_SWIFT_ASSET_SYMBOL_EXTENSIONS = YES;
				CLANG_ANALYZER_NONNULL = YES;
				CLANG_ANALYZER_NUMBER_OBJECT_CONVERSION = YES_AGGRESSIVE;
				CLANG_CXX_LANGUAGE_STANDARD = "gnu++20";
				CLANG_ENABLE_MODULES = YES;
				CLANG_ENABLE_OBJC_ARC = YES;
				CLANG_ENABLE_OBJC_WEAK = YES;
				CLANG_WARN_BLOCK_CAPTURE_AUTORELEASING = YES;
				CLANG_WARN_BOOL_CONVERSION = YES;
				CLANG_WARN_COMMA = YES;
				CLANG_WARN_CONSTANT_CONVERSION = YES;
				CLANG_WARN_DEPRECATED_OBJC_IMPLEMENTATIONS = YES;
				CLANG_WARN_DIRECT_OBJC_ISA_USAGE = YES_ERROR;
				CLANG_WARN_DOCUMENTATION_COMMENTS = YES;
				CLANG_WARN_EMPTY_BODY = YES;
				CLANG_WARN_ENUM_CONVERSION = YES;
				CLANG_WARN_INFINITE_RECURSION = YES;
				CLANG_WARN_INT_CONVERSION = YES;
				CLANG_WARN_NON_LITERAL_NULL_CONVERSION = YES;
				CLANG_WARN_OBJC_IMPLICIT_RETAIN_SELF = YES;
				CLANG_WARN_OBJC_LITERAL_CONVERSION = YES;
				CLANG_WARN_OBJC_ROOT_CLASS = YES_ERROR;
				CLANG_WARN_QUOTED_INCLUDE_IN_FRAMEWORK_HEADER = YES;
				CLANG_WARN_RANGE_LOOP_ANALYSIS = YES;
				CLANG_WARN_STRICT_PROTOTYPES = YES;
				CLANG_WARN_SUSPICIOUS_MOVE = YES;
				CLANG_WARN_UNGUARDED_AVAILABILITY = YES_AGGRESSIVE;
				CLANG_WARN_UNREACHABLE_CODE = YES;
				CLANG_WARN__DUPLICATE_METHOD_MATCH = YES;
				COPY_PHASE_STRIP = NO;
				DEBUG_INFORMATION_FORMAT = "dwarf-with-dsym";
				ENABLE_NS_ASSERTIONS = NO;
				ENABLE_STRICT_OBJC_MSGSEND = YES;
				ENABLE_USER_SCRIPT_SANDBOXING = YES;
				GCC_C_LANGUAGE_STANDARD = gnu17;
				GCC_NO_COMMON_BLOCKS = YES;
				GCC_WARN_64_TO_32_BIT_CONVERSION = YES;
				GCC_WARN_ABOUT_RETURN_TYPE = YES_ERROR;
				GCC_WARN_UNDECLARED_SELECTOR = YES;
				GCC_WARN_UNINITIALIZED_AUTOS = YES_AGGRESSIVE;
				GCC_WARN_UNUSED_FUNCTION = YES;
				GCC_WARN_UNUSED_VARIABLE = YES;
				IPHONEOS_DEPLOYMENT_TARGET = 26.4;
				LOCALIZATION_PREFERS_STRING_CATALOGS = YES;
				MTL_ENABLE_DEBUG_INFO = NO;
				MTL_FAST_MATH = YES;
				SDKROOT = iphoneos;
				SWIFT_COMPILATION_MODE = wholemodule;
				VALIDATE_PRODUCT = YES;
			};
			name = Release;
		};
		D07D72692F7B0DB00098D4A2 /* Debug */ = {
			isa = XCBuildConfiguration;
			buildSettings = {
				ASSETCATALOG_COMPILER_APPICON_NAME = AppIcon;
				ASSETCATALOG_COMPILER_GLOBAL_ACCENT_COLOR_NAME = AccentColor;
				CODE_SIGN_STYLE = Automatic;
				CURRENT_PROJECT_VERSION = 1;
				ENABLE_PREVIEWS = YES;
				GENERATE_INFOPLIST_FILE = YES;
				INFOPLIST_KEY_UIApplicationSceneManifest_Generation = YES;
				INFOPLIST_KEY_UIApplicationSupportsIndirectInputEvents = YES;
				INFOPLIST_KEY_UILaunchScreen_Generation = YES;
				INFOPLIST_KEY_UISupportedInterfaceOrientations_iPad = "UIInterfaceOrientationPortrait UIInterfaceOrientationPortraitUpsideDown UIInterfaceOrientationLandscapeLeft UIInterfaceOrientationLandscapeRight";
				INFOPLIST_KEY_UISupportedInterfaceOrientations_iPhone = "UIInterfaceOrientationPortrait UIInterfaceOrientationLandscapeLeft UIInterfaceOrientationLandscapeRight";
				LD_RUNPATH_SEARCH_PATHS = (
					"$(inherited)",
					"@executable_path/Frameworks",
				);
				MARKETING_VERSION = 1.0;
				PRODUCT_BUNDLE_IDENTIFIER = com.meowtropolis.Meowtropolis;
				PRODUCT_NAME = "$(TARGET_NAME)";
				STRING_CATALOG_GENERATE_SYMBOLS = YES;
				SWIFT_APPROACHABLE_CONCURRENCY = YES;
				SWIFT_DEFAULT_ACTOR_ISOLATION = MainActor;
				SWIFT_EMIT_LOC_STRINGS = YES;
				SWIFT_UPCOMING_FEATURE_MEMBER_IMPORT_VISIBILITY = YES;
				SWIFT_VERSION = 5.0;
				TARGETED_DEVICE_FAMILY = "1,2";
			};
			name = Debug;
		};
		D07D726A2F7B0DB00098D4A2 /* Release */ = {
			isa = XCBuildConfiguration;
			buildSettings = {
				ASSETCATALOG_COMPILER_APPICON_NAME = AppIcon;
				ASSETCATALOG_COMPILER_GLOBAL_ACCENT_COLOR_NAME = AccentColor;
				CODE_SIGN_STYLE = Automatic;
				CURRENT_PROJECT_VERSION = 1;
				ENABLE_PREVIEWS = YES;
				GENERATE_INFOPLIST_FILE = YES;
				INFOPLIST_KEY_UIApplicationSceneManifest_Generation = YES;
				INFOPLIST_KEY_UIApplicationSupportsIndirectInputEvents = YES;
				INFOPLIST_KEY_UILaunchScreen_Generation = YES;
				INFOPLIST_KEY_UISupportedInterfaceOrientations_iPad = "UIInterfaceOrientationPortrait UIInterfaceOrientationPortraitUpsideDown UIInterfaceOrientationLandscapeLeft UIInterfaceOrientationLandscapeRight";
				INFOPLIST_KEY_UISupportedInterfaceOrientations_iPhone = "UIInterfaceOrientationPortrait UIInterfaceOrientationLandscapeLeft UIInterfaceOrientationLandscapeRight";
				LD_RUNPATH_SEARCH_PATHS = (
					"$(inherited)",
					"@executable_path/Frameworks",
				);
				MARKETING_VERSION = 1.0;
				PRODUCT_BUNDLE_IDENTIFIER = com.meowtropolis.Meowtropolis;
				PRODUCT_NAME = "$(TARGET_NAME)";
				STRING_CATALOG_GENERATE_SYMBOLS = YES;
				SWIFT_APPROACHABLE_CONCURRENCY = YES;
				SWIFT_DEFAULT_ACTOR_ISOLATION = MainActor;
				SWIFT_EMIT_LOC_STRINGS = YES;
				SWIFT_UPCOMING_FEATURE_MEMBER_IMPORT_VISIBILITY = YES;
				SWIFT_VERSION = 5.0;
				TARGETED_DEVICE_FAMILY = "1,2";
			};
			name = Release;
		};
		D07D726C2F7B0DB00098D4A2 /* Debug */ = {
			isa = XCBuildConfiguration;
			buildSettings = {
				BUNDLE_LOADER = "$(TEST_HOST)";
				CODE_SIGN_STYLE = Automatic;
				CURRENT_PROJECT_VERSION = 1;
				GENERATE_INFOPLIST_FILE = YES;
				IPHONEOS_DEPLOYMENT_TARGET = 26.4;
				MARKETING_VERSION = 1.0;
				PRODUCT_BUNDLE_IDENTIFIER = com.meowtropolis.MeowtropolisTests;
				PRODUCT_NAME = "$(TARGET_NAME)";
				STRING_CATALOG_GENERATE_SYMBOLS = NO;
				SWIFT_APPROACHABLE_CONCURRENCY = YES;
				SWIFT_EMIT_LOC_STRINGS = NO;
				SWIFT_UPCOMING_FEATURE_MEMBER_IMPORT_VISIBILITY = YES;
				SWIFT_VERSION = 5.0;
				TARGETED_DEVICE_FAMILY = "1,2";
				TEST_HOST = "$(BUILT_PRODUCTS_DIR)/Meowtropolis.app/$(BUNDLE_EXECUTABLE_FOLDER_PATH)/Meowtropolis";
			};
			name = Debug;
		};
		D07D726D2F7B0DB00098D4A2 /* Release */ = {
			isa = XCBuildConfiguration;
			buildSettings = {
				BUNDLE_LOADER = "$(TEST_HOST)";
				CODE_SIGN_STYLE = Automatic;
				CURRENT_PROJECT_VERSION = 1;
				GENERATE_INFOPLIST_FILE = YES;
				IPHONEOS_DEPLOYMENT_TARGET = 26.4;
				MARKETING_VERSION = 1.0;
				PRODUCT_BUNDLE_IDENTIFIER = com.meowtropolis.MeowtropolisTests;
				PRODUCT_NAME = "$(TARGET_NAME)";
				STRING_CATALOG_GENERATE_SYMBOLS = NO;
				SWIFT_APPROACHABLE_CONCURRENCY = YES;
				SWIFT_EMIT_LOC_STRINGS = NO;
				SWIFT_UPCOMING_FEATURE_MEMBER_IMPORT_VISIBILITY = YES;
				SWIFT_VERSION = 5.0;
				TARGETED_DEVICE_FAMILY = "1,2";
				TEST_HOST = "$(BUILT_PRODUCTS_DIR)/Meowtropolis.app/$(BUNDLE_EXECUTABLE_FOLDER_PATH)/Meowtropolis";
			};
			name = Release;
		};
		D07D726F2F7B0DB00098D4A2 /* Debug */ = {
			isa = XCBuildConfiguration;
			buildSettings = {
				CODE_SIGN_STYLE = Automatic;
				CURRENT_PROJECT_VERSION = 1;
				GENERATE_INFOPLIST_FILE = YES;
				MARKETING_VERSION = 1.0;
				PRODUCT_BUNDLE_IDENTIFIER = com.meowtropolis.MeowtropolisUITests;
				PRODUCT_NAME = "$(TARGET_NAME)";
				STRING_CATALOG_GENERATE_SYMBOLS = NO;
				SWIFT_APPROACHABLE_CONCURRENCY = YES;
				SWIFT_EMIT_LOC_STRINGS = NO;
				SWIFT_UPCOMING_FEATURE_MEMBER_IMPORT_VISIBILITY = YES;
				SWIFT_VERSION = 5.0;
				TARGETED_DEVICE_FAMILY = "1,2";
				TEST_TARGET_NAME = Meowtropolis;
			};
			name = Debug;
		};
		D07D72702F7B0DB00098D4A2 /* Release */ = {
			isa = XCBuildConfiguration;
			buildSettings = {
				CODE_SIGN_STYLE = Automatic;
				CURRENT_PROJECT_VERSION = 1;
				GENERATE_INFOPLIST_FILE = YES;
				MARKETING_VERSION = 1.0;
				PRODUCT_BUNDLE_IDENTIFIER = com.meowtropolis.MeowtropolisUITests;
				PRODUCT_NAME = "$(TARGET_NAME)";
				STRING_CATALOG_GENERATE_SYMBOLS = NO;
				SWIFT_APPROACHABLE_CONCURRENCY = YES;
				SWIFT_EMIT_LOC_STRINGS = NO;
				SWIFT_UPCOMING_FEATURE_MEMBER_IMPORT_VISIBILITY = YES;
				SWIFT_VERSION = 5.0;
				TARGETED_DEVICE_FAMILY = "1,2";
				TEST_TARGET_NAME = Meowtropolis;
			};
			name = Release;
		};
/* End XCBuildConfiguration section */

/* Begin XCConfigurationList section */
		D07D72422F7B0DAD0098D4A2 /* Build configuration list for PBXProject "Meowtropolis" */ = {
			isa = XCConfigurationList;
			buildConfigurations = (
				D07D72662F7B0DB00098D4A2 /* Debug */,
				D07D72672F7B0DB00098D4A2 /* Release */,
			);
			defaultConfigurationIsVisible = 0;
			defaultConfigurationName = Release;
		};
		D07D72682F7B0DB00098D4A2 /* Build configuration list for PBXNativeTarget "Meowtropolis" */ = {
			isa = XCConfigurationList;
			buildConfigurations = (
				D07D72692F7B0DB00098D4A2 /* Debug */,
				D07D726A2F7B0DB00098D4A2 /* Release */,
			);
			defaultConfigurationIsVisible = 0;
			defaultConfigurationName = Release;
		};
		D07D726B2F7B0DB00098D4A2 /* Build configuration list for PBXNativeTarget "MeowtropolisTests" */ = {
			isa = XCConfigurationList;
			buildConfigurations = (
				D07D726C2F7B0DB00098D4A2 /* Debug */,
				D07D726D2F7B0DB00098D4A2 /* Release */,
			);
			defaultConfigurationIsVisible = 0;
			defaultConfigurationName = Release;
		};
		D07D726E2F7B0DB00098D4A2 /* Build configuration list for PBXNativeTarget "MeowtropolisUITests" */ = {
			isa = XCConfigurationList;
			buildConfigurations = (
				D07D726F2F7B0DB00098D4A2 /* Debug */,
				D07D72702F7B0DB00098D4A2 /* Release */,
			);
			defaultConfigurationIsVisible = 0;
			defaultConfigurationName = Release;
		};
/* End XCConfigurationList section */

/* Begin XCRemoteSwiftPackageReference section */
		D0A0E9F32F7C77FA00343361 /* XCRemoteSwiftPackageReference "firebase-ios-sdk" */ = {
			isa = XCRemoteSwiftPackageReference;
			repositoryURL = "https://github.com/firebase/firebase-ios-sdk";
			requirement = {
				kind = upToNextMajorVersion;
				minimumVersion = 12.11.0;
			};
		};
/* End XCRemoteSwiftPackageReference section */

/* Begin XCSwiftPackageProductDependency section */
		D0A0E9F42F7C77FA00343361 /* FirebaseAnalytics */ = {
			isa = XCSwiftPackageProductDependency;
			package = D0A0E9F32F7C77FA00343361 /* XCRemoteSwiftPackageReference "firebase-ios-sdk" */;
			productName = FirebaseAnalytics;
		};
		D0A0E9F62F7C77FA00343361 /* FirebaseAuth */ = {
			isa = XCSwiftPackageProductDependency;
			package = D0A0E9F32F7C77FA00343361 /* XCRemoteSwiftPackageReference "firebase-ios-sdk" */;
			productName = FirebaseAuth;
		};
		D0A0E9F82F7C77FA00343361 /* FirebaseCore */ = {
			isa = XCSwiftPackageProductDependency;
			package = D0A0E9F32F7C77FA00343361 /* XCRemoteSwiftPackageReference "firebase-ios-sdk" */;
			productName = FirebaseCore;
		};
		D0A0E9FA2F7C77FA00343361 /* FirebaseDatabase */ = {
			isa = XCSwiftPackageProductDependency;
			package = D0A0E9F32F7C77FA00343361 /* XCRemoteSwiftPackageReference "firebase-ios-sdk" */;
			productName = FirebaseDatabase;
		};
		D0A0E9FC2F7C77FA00343361 /* FirebaseFirestore */ = {
			isa = XCSwiftPackageProductDependency;
			package = D0A0E9F32F7C77FA00343361 /* XCRemoteSwiftPackageReference "firebase-ios-sdk" */;
			productName = FirebaseFirestore;
		};
/* End XCSwiftPackageProductDependency section */
	};
	rootObject = D07D723F2F7B0DAD0098D4A2 /* Project object */;
}
